
Microsoft Visual Studio Solution File, Format Version 12.00
# Visual Studio Version 17
VisualStudioVersion = 17.4.33213.308
MinimumVisualStudioVersion = 10.0.40219.1
Project("{FAE04EC0-301F-11D3-BF4B-00C04F79EFBC}") = "SP_HW3", "SP_HW3.csproj", "{4D6D2E58-FC93-42FF-AD3A-D883CBBE9B09}"
EndProject
Global
	GlobalSection(SolutionConfigurationPlatforms) = preSolution
		Debug|Any CPU = Debug|Any CPU
		Release|Any CPU = Release|Any CPU
	EndGlobalSection
	GlobalSection(ProjectConfigurationPlatforms) = postSolution
		{4D6D2E58-FC93-42FF-AD3A-D883CBBE9B09}.Debug|Any CPU.ActiveCfg = Debug|Any CPU
		{4D6D2E58-FC93-42FF-AD3A-D883CBBE9B09}.Debug|Any CPU.Build.0 = Debug|Any CPU
		{4D6D2E58-FC93-42FF-AD3A-D883CBBE9B09}.Release|Any CPU.ActiveCfg = Release|Any CPU
		{4D6D2E58-FC93-42FF-AD3A-D883CBBE9B09}.Release|Any CPU.Build.0 = Release|Any CPU
	EndGlobalSection
	GlobalSection(SolutionProperties) = preSolution
		HideSolutionNode = FALSE
	EndGlobalSection
	GlobalSection(ExtensibilityGlobals) = postSolution
		SolutionGuid = {228301BC-C345-448E-BB53-2951FEED9FD0}
	EndGlobalSection
EndGlobal
